
Microsoft Visual Studio Solution File, Format Version 12.00
# Visual Studio Version 16
VisualStudioVersion = 16.0.30225.117
MinimumVisualStudioVersion = 10.0.40219.1
Project("{FAE04EC0-301F-11D3-BF4B-00C04F79EFBC}") = "CryptographyHelperUtil", "CryptographyHelperUtil.csproj", "{1FE96133-E18D-42C2-A68E-3A7898AE9F20}"
EndProject
Global
	GlobalSection(SolutionConfigurationPlatforms) = preSolution
		Debug|Any CPU = Debug|Any CPU
		Release|Any CPU = Release|Any CPU
	EndGlobalSection
	GlobalSection(ProjectConfigurationPlatforms) = postSolution
		{1FE96133-E18D-42C2-A68E-3A7898AE9F20}.Debug|Any CPU.ActiveCfg = Debug|Any CPU
		{1FE96133-E18D-42C2-A68E-3A7898AE9F20}.Debug|Any CPU.Build.0 = Debug|Any CPU
		{1FE96133-E18D-42C2-A68E-3A7898AE9F20}.Release|Any CPU.ActiveCfg = Release|Any CPU
		{1FE96133-E18D-42C2-A68E-3A7898AE9F20}.Release|Any CPU.Build.0 = Release|Any CPU
	EndGlobalSection
	GlobalSection(SolutionProperties) = preSolution
		HideSolutionNode = FALSE
	EndGlobalSection
	GlobalSection(ExtensibilityGlobals) = postSolution
		SolutionGuid = {66897F54-EFED-4678-B4AF-87865D96B3AC}
	EndGlobalSection
EndGlobal
